
Microsoft Visual Studio Solution File, Format Version 12.00
# Visual Studio Version 17
VisualStudioVersion = 17.4.33205.214
MinimumVisualStudioVersion = 10.0.40219.1
Project("{9A19103F-16F7-4668-BE54-9A1E7A4F7556}") = "Layered.Api", "Layered\Layered.PL.Api\Layered.Api.csproj", "{7FD33FF0-F00E-40EB-BC82-B13CD1FB9A37}"
EndProject
Project("{9A19103F-16F7-4668-BE54-9A1E7A4F7556}") = "Layered.EntityFramework", "Layered\Layered.EntityFramework\Layered.EntityFramework.csproj", "{494761F3-B725-4278-B180-ABB1F249EAB4}"
EndProject
Project("{9A19103F-16F7-4668-BE54-9A1E7A4F7556}") = "Layered.Domain", "Layered\Layered.Domain\Layered.Domain.csproj", "{7EA61FBE-D830-45CF-8D1D-884F161E67E9}"
EndProject
Project("{9A19103F-16F7-4668-BE54-9A1E7A4F7556}") = "Layered.Infrastructure", "Layered\Layered.Infrastructure\Layered.Infrastructure.csproj", "{DD141F93-BCAB-40FD-8B8B-0C5BC56842E0}"
EndProject
Project("{9A19103F-16F7-4668-BE54-9A1E7A4F7556}") = "Layered.Application", "Layered\Layered.ApplicationCore\Layered.Application.csproj", "{39622892-249E-435D-9493-E4D770B0D40E}"
EndProject
Project("{9A19103F-16F7-4668-BE54-9A1E7A4F7556}") = "Layered.Infrastructure.Test", "Layered\Tests\Layered.Infrastructure.Test\Layered.Infrastructure.Test.csproj", "{BD0F497C-1797-4610-B07E-5E6119E0BE73}"
EndProject
Project("{9A19103F-16F7-4668-BE54-9A1E7A4F7556}") = "Layerd.Domain.Tests", "Layered\Tests\Layerd.Domain.Tests\Layerd.Domain.Tests.csproj", "{2BE5E105-BC8B-4085-B919-36678B2472A2}"
EndProject
Project("{9A19103F-16F7-4668-BE54-9A1E7A4F7556}") = "Layered.Application.UnitTest", "Layered\Tests\Layered.Application.Test\Layered.Application.UnitTest.csproj", "{6EBD2E0B-810C-4871-9739-C0A536CDAA4C}"
EndProject
Project("{9A19103F-16F7-4668-BE54-9A1E7A4F7556}") = "Layered.Api.Test", "Layered\Tests\Layered.Api.Test\Layered.Api.Test.csproj", "{4A862ABB-F9F8-4B5A-A51E-FD585BEE0867}"
EndProject
Project("{2150E333-8FDC-42A3-9474-1A3956D46DE8}") = "Layered", "Layered", "{90044CF9-C75D-4E9E-B785-F791F534B51D}"
EndProject
Project("{2150E333-8FDC-42A3-9474-1A3956D46DE8}") = "Tests", "Tests", "{D0C9E9FC-D6ED-4645-8198-57ECA12C1A55}"
EndProject
Project("{2150E333-8FDC-42A3-9474-1A3956D46DE8}") = "Onion", "Onion", "{0A29158D-76CF-4DBD-A274-C063D22190EB}"
EndProject
Project("{9A19103F-16F7-4668-BE54-9A1E7A4F7556}") = "Onion.Api", "Onion Architecture\Onion.Api\Onion.Api.csproj", "{D5021800-AEC3-49C9-B0D3-1A3D365FF477}"
EndProject
Project("{9A19103F-16F7-4668-BE54-9A1E7A4F7556}") = "Onion.Application", "Onion Architecture\Onion.Application\Onion.Application.csproj", "{1C6A6B3B-0D42-4B26-AFFF-67E1E03CAF33}"
EndProject
Project("{9A19103F-16F7-4668-BE54-9A1E7A4F7556}") = "Onion.Domain.Services", "Onion Architecture\Onion.Core\Onion.Domain.Services.csproj", "{C6E829B5-EF96-4629-9ED0-33ADA70A1A17}"
EndProject
Project("{9A19103F-16F7-4668-BE54-9A1E7A4F7556}") = "Onion.Infrastructure", "Onion Architecture\Onion.Infrastructure\Onion.Infrastructure.csproj", "{771F2139-DAAB-4FDE-B710-0FC3179F259B}"
EndProject
Project("{2150E333-8FDC-42A3-9474-1A3956D46DE8}") = "Hexagonal", "Hexagonal", "{907E9858-8A62-44D1-9C1D-DED90408F04F}"
EndProject
Project("{2150E333-8FDC-42A3-9474-1A3956D46DE8}") = "Tests", "Tests", "{9B495239-D88F-4389-BDC7-C57E195B5512}"
EndProject
Project("{9A19103F-16F7-4668-BE54-9A1E7A4F7556}") = "Onion.EntityFramework", "Onion Architecture\Onion.EntityFramework\Onion.EntityFramework.csproj", "{546EF920-415F-495D-B96E-B76280D0A48E}"
EndProject
Project("{FAE04EC0-301F-11D3-BF4B-00C04F79EFBC}") = "Onion.Domain.Model", "Onion Architecture\Onion.Domain.Model\Onion.Domain.Model.csproj", "{E119FA5E-5452-4033-AAC6-D6685689B1DE}"
EndProject
Project("{9A19103F-16F7-4668-BE54-9A1E7A4F7556}") = "Onion.Api.Test", "Onion Architecture\Tests\Onion.Api.Test\Onion.Api.Test.csproj", "{3D7AC829-B634-478E-96F8-B16993CF6FBF}"
EndProject
Project("{9A19103F-16F7-4668-BE54-9A1E7A4F7556}") = "Onion.Application.UnitTest", "Onion Architecture\Tests\Onion.Application.Test\Onion.Application.UnitTest.csproj", "{8C4F7B07-771D-48AF-B161-194F07EC6993}"
EndProject
Project("{9A19103F-16F7-4668-BE54-9A1E7A4F7556}") = "Onion.Infrastructure.Test", "Onion Architecture\Tests\Onion.Infrastructure.Test\Onion.Infrastructure.Test.csproj", "{8DAB3642-B2DE-4DA8-803A-F31DAAFF6066}"
EndProject
Project("{9A19103F-16F7-4668-BE54-9A1E7A4F7556}") = "Onion.Domain.Services.Tests", "Onion Architecture\Tests\Onion.Domain.Services.Tests\Onion.Domain.Services.Tests.csproj", "{DBDB9553-90D8-4B09-94CA-B4C50B088351}"
EndProject
Global
	GlobalSection(SolutionConfigurationPlatforms) = preSolution
		Debug|Any CPU = Debug|Any CPU
		Release|Any CPU = Release|Any CPU
	EndGlobalSection
	GlobalSection(ProjectConfigurationPlatforms) = postSolution
		{7FD33FF0-F00E-40EB-BC82-B13CD1FB9A37}.Debug|Any CPU.ActiveCfg = Debug|Any CPU
		{7FD33FF0-F00E-40EB-BC82-B13CD1FB9A37}.Debug|Any CPU.Build.0 = Debug|Any CPU
		{7FD33FF0-F00E-40EB-BC82-B13CD1FB9A37}.Release|Any CPU.ActiveCfg = Release|Any CPU
		{7FD33FF0-F00E-40EB-BC82-B13CD1FB9A37}.Release|Any CPU.Build.0 = Release|Any CPU
		{494761F3-B725-4278-B180-ABB1F249EAB4}.Debug|Any CPU.ActiveCfg = Debug|Any CPU
		{494761F3-B725-4278-B180-ABB1F249EAB4}.Debug|Any CPU.Build.0 = Debug|Any CPU
		{494761F3-B725-4278-B180-ABB1F249EAB4}.Release|Any CPU.ActiveCfg = Release|Any CPU
		{494761F3-B725-4278-B180-ABB1F249EAB4}.Release|Any CPU.Build.0 = Release|Any CPU
		{7EA61FBE-D830-45CF-8D1D-884F161E67E9}.Debug|Any CPU.ActiveCfg = Debug|Any CPU
		{7EA61FBE-D830-45CF-8D1D-884F161E67E9}.Debug|Any CPU.Build.0 = Debug|Any CPU
		{7EA61FBE-D830-45CF-8D1D-884F161E67E9}.Release|Any CPU.ActiveCfg = Release|Any CPU
		{7EA61FBE-D830-45CF-8D1D-884F161E67E9}.Release|Any CPU.Build.0 = Release|Any CPU
		{DD141F93-BCAB-40FD-8B8B-0C5BC56842E0}.Debug|Any CPU.ActiveCfg = Debug|Any CPU
		{DD141F93-BCAB-40FD-8B8B-0C5BC56842E0}.Debug|Any CPU.Build.0 = Debug|Any CPU
		{DD141F93-BCAB-40FD-8B8B-0C5BC56842E0}.Release|Any CPU.ActiveCfg = Release|Any CPU
		{DD141F93-BCAB-40FD-8B8B-0C5BC56842E0}.Release|Any CPU.Build.0 = Release|Any CPU
		{39622892-249E-435D-9493-E4D770B0D40E}.Debug|Any CPU.ActiveCfg = Debug|Any CPU
		{39622892-249E-435D-9493-E4D770B0D40E}.Debug|Any CPU.Build.0 = Debug|Any CPU
		{39622892-249E-435D-9493-E4D770B0D40E}.Release|Any CPU.ActiveCfg = Release|Any CPU
		{39622892-249E-435D-9493-E4D770B0D40E}.Release|Any CPU.Build.0 = Release|Any CPU
		{BD0F497C-1797-4610-B07E-5E6119E0BE73}.Debug|Any CPU.ActiveCfg = Debug|Any CPU
		{BD0F497C-1797-4610-B07E-5E6119E0BE73}.Debug|Any CPU.Build.0 = Debug|Any CPU
		{BD0F497C-1797-4610-B07E-5E6119E0BE73}.Release|Any CPU.ActiveCfg = Release|Any CPU
		{BD0F497C-1797-4610-B07E-5E6119E0BE73}.Release|Any CPU.Build.0 = Release|Any CPU
		{2BE5E105-BC8B-4085-B919-36678B2472A2}.Debug|Any CPU.ActiveCfg = Debug|Any CPU
		{2BE5E105-BC8B-4085-B919-36678B2472A2}.Debug|Any CPU.Build.0 = Debug|Any CPU
		{2BE5E105-BC8B-4085-B919-36678B2472A2}.Release|Any CPU.ActiveCfg = Release|Any CPU
		{2BE5E105-BC8B-4085-B919-36678B2472A2}.Release|Any CPU.Build.0 = Release|Any CPU
		{6EBD2E0B-810C-4871-9739-C0A536CDAA4C}.Debug|Any CPU.ActiveCfg = Debug|Any CPU
		{6EBD2E0B-810C-4871-9739-C0A536CDAA4C}.Debug|Any CPU.Build.0 = Debug|Any CPU
		{6EBD2E0B-810C-4871-9739-C0A536CDAA4C}.Release|Any CPU.ActiveCfg = Release|Any CPU
		{6EBD2E0B-810C-4871-9739-C0A536CDAA4C}.Release|Any CPU.Build.0 = Release|Any CPU
		{4A862ABB-F9F8-4B5A-A51E-FD585BEE0867}.Debug|Any CPU.ActiveCfg = Debug|Any CPU
		{4A862ABB-F9F8-4B5A-A51E-FD585BEE0867}.Debug|Any CPU.Build.0 = Debug|Any CPU
		{4A862ABB-F9F8-4B5A-A51E-FD585BEE0867}.Release|Any CPU.ActiveCfg = Release|Any CPU
		{4A862ABB-F9F8-4B5A-A51E-FD585BEE0867}.Release|Any CPU.Build.0 = Release|Any CPU
		{D5021800-AEC3-49C9-B0D3-1A3D365FF477}.Debug|Any CPU.ActiveCfg = Debug|Any CPU
		{D5021800-AEC3-49C9-B0D3-1A3D365FF477}.Debug|Any CPU.Build.0 = Debug|Any CPU
		{D5021800-AEC3-49C9-B0D3-1A3D365FF477}.Release|Any CPU.ActiveCfg = Release|Any CPU
		{D5021800-AEC3-49C9-B0D3-1A3D365FF477}.Release|Any CPU.Build.0 = Release|Any CPU
		{1C6A6B3B-0D42-4B26-AFFF-67E1E03CAF33}.Debug|Any CPU.ActiveCfg = Debug|Any CPU
		{1C6A6B3B-0D42-4B26-AFFF-67E1E03CAF33}.Debug|Any CPU.Build.0 = Debug|Any CPU
		{1C6A6B3B-0D42-4B26-AFFF-67E1E03CAF33}.Release|Any CPU.ActiveCfg = Release|Any CPU
		{1C6A6B3B-0D42-4B26-AFFF-67E1E03CAF33}.Release|Any CPU.Build.0 = Release|Any CPU
		{C6E829B5-EF96-4629-9ED0-33ADA70A1A17}.Debug|Any CPU.ActiveCfg = Debug|Any CPU
		{C6E829B5-EF96-4629-9ED0-33ADA70A1A17}.Debug|Any CPU.Build.0 = Debug|Any CPU
		{C6E829B5-EF96-4629-9ED0-33ADA70A1A17}.Release|Any CPU.ActiveCfg = Release|Any CPU
		{C6E829B5-EF96-4629-9ED0-33ADA70A1A17}.Release|Any CPU.Build.0 = Release|Any CPU
		{771F2139-DAAB-4FDE-B710-0FC3179F259B}.Debug|Any CPU.ActiveCfg = Debug|Any CPU
		{771F2139-DAAB-4FDE-B710-0FC3179F259B}.Debug|Any CPU.Build.0 = Debug|Any CPU
		{771F2139-DAAB-4FDE-B710-0FC3179F259B}.Release|Any CPU.ActiveCfg = Release|Any CPU
		{771F2139-DAAB-4FDE-B710-0FC3179F259B}.Release|Any CPU.Build.0 = Release|Any CPU
		{546EF920-415F-495D-B96E-B76280D0A48E}.Debug|Any CPU.ActiveCfg = Debug|Any CPU
		{546EF920-415F-495D-B96E-B76280D0A48E}.Debug|Any CPU.Build.0 = Debug|Any CPU
		{546EF920-415F-495D-B96E-B76280D0A48E}.Release|Any CPU.ActiveCfg = Release|Any CPU
		{546EF920-415F-495D-B96E-B76280D0A48E}.Release|Any CPU.Build.0 = Release|Any CPU
		{E119FA5E-5452-4033-AAC6-D6685689B1DE}.Debug|Any CPU.ActiveCfg = Debug|Any CPU
		{E119FA5E-5452-4033-AAC6-D6685689B1DE}.Debug|Any CPU.Build.0 = Debug|Any CPU
		{E119FA5E-5452-4033-AAC6-D6685689B1DE}.Release|Any CPU.ActiveCfg = Release|Any CPU
		{E119FA5E-5452-4033-AAC6-D6685689B1DE}.Release|Any CPU.Build.0 = Release|Any CPU
		{3D7AC829-B634-478E-96F8-B16993CF6FBF}.Debug|Any CPU.ActiveCfg = Debug|Any CPU
		{3D7AC829-B634-478E-96F8-B16993CF6FBF}.Debug|Any CPU.Build.0 = Debug|Any CPU
		{3D7AC829-B634-478E-96F8-B16993CF6FBF}.Release|Any CPU.ActiveCfg = Release|Any CPU
		{3D7AC829-B634-478E-96F8-B16993CF6FBF}.Release|Any CPU.Build.0 = Release|Any CPU
		{8C4F7B07-771D-48AF-B161-194F07EC6993}.Debug|Any CPU.ActiveCfg = Debug|Any CPU
		{8C4F7B07-771D-48AF-B161-194F07EC6993}.Debug|Any CPU.Build.0 = Debug|Any CPU
		{8C4F7B07-771D-48AF-B161-194F07EC6993}.Release|Any CPU.ActiveCfg = Release|Any CPU
		{8C4F7B07-771D-48AF-B161-194F07EC6993}.Release|Any CPU.Build.0 = Release|Any CPU
		{8DAB3642-B2DE-4DA8-803A-F31DAAFF6066}.Debug|Any CPU.ActiveCfg = Debug|Any CPU
		{8DAB3642-B2DE-4DA8-803A-F31DAAFF6066}.Debug|Any CPU.Build.0 = Debug|Any CPU
		{8DAB3642-B2DE-4DA8-803A-F31DAAFF6066}.Release|Any CPU.ActiveCfg = Release|Any CPU
		{8DAB3642-B2DE-4DA8-803A-F31DAAFF6066}.Release|Any CPU.Build.0 = Release|Any CPU
		{DBDB9553-90D8-4B09-94CA-B4C50B088351}.Debug|Any CPU.ActiveCfg = Debug|Any CPU
		{DBDB9553-90D8-4B09-94CA-B4C50B088351}.Debug|Any CPU.Build.0 = Debug|Any CPU
		{DBDB9553-90D8-4B09-94CA-B4C50B088351}.Release|Any CPU.ActiveCfg = Release|Any CPU
		{DBDB9553-90D8-4B09-94CA-B4C50B088351}.Release|Any CPU.Build.0 = Release|Any CPU
	EndGlobalSection
	GlobalSection(SolutionProperties) = preSolution
		HideSolutionNode = FALSE
	EndGlobalSection
	GlobalSection(NestedProjects) = preSolution
		{7FD33FF0-F00E-40EB-BC82-B13CD1FB9A37} = {90044CF9-C75D-4E9E-B785-F791F534B51D}
		{494761F3-B725-4278-B180-ABB1F249EAB4} = {90044CF9-C75D-4E9E-B785-F791F534B51D}
		{7EA61FBE-D830-45CF-8D1D-884F161E67E9} = {90044CF9-C75D-4E9E-B785-F791F534B51D}
		{DD141F93-BCAB-40FD-8B8B-0C5BC56842E0} = {90044CF9-C75D-4E9E-B785-F791F534B51D}
		{39622892-249E-435D-9493-E4D770B0D40E} = {90044CF9-C75D-4E9E-B785-F791F534B51D}
		{BD0F497C-1797-4610-B07E-5E6119E0BE73} = {D0C9E9FC-D6ED-4645-8198-57ECA12C1A55}
		{2BE5E105-BC8B-4085-B919-36678B2472A2} = {D0C9E9FC-D6ED-4645-8198-57ECA12C1A55}
		{6EBD2E0B-810C-4871-9739-C0A536CDAA4C} = {D0C9E9FC-D6ED-4645-8198-57ECA12C1A55}
		{4A862ABB-F9F8-4B5A-A51E-FD585BEE0867} = {D0C9E9FC-D6ED-4645-8198-57ECA12C1A55}
		{D0C9E9FC-D6ED-4645-8198-57ECA12C1A55} = {90044CF9-C75D-4E9E-B785-F791F534B51D}
		{D5021800-AEC3-49C9-B0D3-1A3D365FF477} = {0A29158D-76CF-4DBD-A274-C063D22190EB}
		{1C6A6B3B-0D42-4B26-AFFF-67E1E03CAF33} = {0A29158D-76CF-4DBD-A274-C063D22190EB}
		{C6E829B5-EF96-4629-9ED0-33ADA70A1A17} = {0A29158D-76CF-4DBD-A274-C063D22190EB}
		{771F2139-DAAB-4FDE-B710-0FC3179F259B} = {0A29158D-76CF-4DBD-A274-C063D22190EB}
		{9B495239-D88F-4389-BDC7-C57E195B5512} = {0A29158D-76CF-4DBD-A274-C063D22190EB}
		{546EF920-415F-495D-B96E-B76280D0A48E} = {0A29158D-76CF-4DBD-A274-C063D22190EB}
		{E119FA5E-5452-4033-AAC6-D6685689B1DE} = {0A29158D-76CF-4DBD-A274-C063D22190EB}
		{3D7AC829-B634-478E-96F8-B16993CF6FBF} = {9B495239-D88F-4389-BDC7-C57E195B5512}
		{8C4F7B07-771D-48AF-B161-194F07EC6993} = {9B495239-D88F-4389-BDC7-C57E195B5512}
		{8DAB3642-B2DE-4DA8-803A-F31DAAFF6066} = {9B495239-D88F-4389-BDC7-C57E195B5512}
		{DBDB9553-90D8-4B09-94CA-B4C50B088351} = {9B495239-D88F-4389-BDC7-C57E195B5512}
	EndGlobalSection
	GlobalSection(ExtensibilityGlobals) = postSolution
		SolutionGuid = {0AE1A94D-18AA-45FF-8D22-211C5848541E}
	EndGlobalSection
EndGlobal
