
Microsoft Visual Studio Solution File, Format Version 12.00
# Visual Studio Version 17
VisualStudioVersion = 17.4.33205.214
MinimumVisualStudioVersion = 10.0.40219.1
Project("{9A19103F-16F7-4668-BE54-9A1E7A4F7556}") = "Layered.Api", "Layered\Layered.PL.Api\Layered.Api.csproj", "{7FD33FF0-F00E-40EB-BC82-B13CD1FB9A37}"
EndProject
Project("{9A19103F-16F7-4668-BE54-9A1E7A4F7556}") = "Layered.Domain", "Layered\Layered.Domain\Layered.Domain.csproj", "{7EA61FBE-D830-45CF-8D1D-884F161E67E9}"
EndProject
Project("{9A19103F-16F7-4668-BE54-9A1E7A4F7556}") = "Layered.Infrastructure", "Layered\Layered.Infrastructure\Layered.Infrastructure.csproj", "{DD141F93-BCAB-40FD-8B8B-0C5BC56842E0}"
EndProject
Project("{9A19103F-16F7-4668-BE54-9A1E7A4F7556}") = "Layered.Application", "Layered\Layered.ApplicationCore\Layered.Application.csproj", "{39622892-249E-435D-9493-E4D770B0D40E}"
EndProject
Project("{9A19103F-16F7-4668-BE54-9A1E7A4F7556}") = "Layered.Infrastructure.Test", "Layered\Tests\Layered.Infrastructure.Test\Layered.Infrastructure.Test.csproj", "{BD0F497C-1797-4610-B07E-5E6119E0BE73}"
EndProject
Project("{9A19103F-16F7-4668-BE54-9A1E7A4F7556}") = "Layered.Domain.Tests", "Layered\Tests\Layerd.Domain.Tests\Layered.Domain.Tests.csproj", "{2BE5E105-BC8B-4085-B919-36678B2472A2}"
EndProject
Project("{9A19103F-16F7-4668-BE54-9A1E7A4F7556}") = "Layered.Application.UnitTest", "Layered\Tests\Layered.Application.Test\Layered.Application.UnitTest.csproj", "{6EBD2E0B-810C-4871-9739-C0A536CDAA4C}"
EndProject
Project("{2150E333-8FDC-42A3-9474-1A3956D46DE8}") = "Layered architecture", "Layered architecture", "{90044CF9-C75D-4E9E-B785-F791F534B51D}"
EndProject
Project("{2150E333-8FDC-42A3-9474-1A3956D46DE8}") = "Tests", "Tests", "{D0C9E9FC-D6ED-4645-8198-57ECA12C1A55}"
EndProject
Project("{2150E333-8FDC-42A3-9474-1A3956D46DE8}") = "Onion architecture", "Onion architecture", "{0A29158D-76CF-4DBD-A274-C063D22190EB}"
EndProject
Project("{9A19103F-16F7-4668-BE54-9A1E7A4F7556}") = "Onion.Api", "Onion Architecture\Onion.Api\Onion.Api.csproj", "{D5021800-AEC3-49C9-B0D3-1A3D365FF477}"
EndProject
Project("{9A19103F-16F7-4668-BE54-9A1E7A4F7556}") = "Onion.Application", "Onion Architecture\Onion.Application\Onion.Application.csproj", "{1C6A6B3B-0D42-4B26-AFFF-67E1E03CAF33}"
EndProject
Project("{9A19103F-16F7-4668-BE54-9A1E7A4F7556}") = "Onion.Domain.Services", "Onion Architecture\Onion.Core\Onion.Domain.Services.csproj", "{C6E829B5-EF96-4629-9ED0-33ADA70A1A17}"
EndProject
Project("{9A19103F-16F7-4668-BE54-9A1E7A4F7556}") = "Onion.Infrastructure", "Onion Architecture\Onion.Infrastructure\Onion.Infrastructure.csproj", "{771F2139-DAAB-4FDE-B710-0FC3179F259B}"
EndProject
Project("{2150E333-8FDC-42A3-9474-1A3956D46DE8}") = "Hexagonal architecture", "Hexagonal architecture", "{907E9858-8A62-44D1-9C1D-DED90408F04F}"
EndProject
Project("{2150E333-8FDC-42A3-9474-1A3956D46DE8}") = "Tests", "Tests", "{9B495239-D88F-4389-BDC7-C57E195B5512}"
EndProject
Project("{9A19103F-16F7-4668-BE54-9A1E7A4F7556}") = "Onion.EntityFramework", "Onion Architecture\Onion.EntityFramework\Onion.EntityFramework.csproj", "{546EF920-415F-495D-B96E-B76280D0A48E}"
EndProject
Project("{9A19103F-16F7-4668-BE54-9A1E7A4F7556}") = "Onion.Domain.Model", "Onion Architecture\Onion.Domain.Model\Onion.Domain.Model.csproj", "{E119FA5E-5452-4033-AAC6-D6685689B1DE}"
EndProject
Project("{9A19103F-16F7-4668-BE54-9A1E7A4F7556}") = "Onion.Api.Test", "Onion Architecture\Tests\Onion.Api.Test\Onion.Api.Test.csproj", "{3D7AC829-B634-478E-96F8-B16993CF6FBF}"
EndProject
Project("{9A19103F-16F7-4668-BE54-9A1E7A4F7556}") = "Onion.Application.UnitTest", "Onion Architecture\Tests\Onion.Application.Test\Onion.Application.UnitTest.csproj", "{8C4F7B07-771D-48AF-B161-194F07EC6993}"
EndProject
Project("{9A19103F-16F7-4668-BE54-9A1E7A4F7556}") = "Onion.Infrastructure.Test", "Onion Architecture\Tests\Onion.Infrastructure.Test\Onion.Infrastructure.Test.csproj", "{8DAB3642-B2DE-4DA8-803A-F31DAAFF6066}"
EndProject
Project("{9A19103F-16F7-4668-BE54-9A1E7A4F7556}") = "Onion.Domain.Services.Tests", "Onion Architecture\Tests\Onion.Domain.Services.Tests\Onion.Domain.Services.Tests.csproj", "{DBDB9553-90D8-4B09-94CA-B4C50B088351}"
EndProject
Project("{9A19103F-16F7-4668-BE54-9A1E7A4F7556}") = "Hexagonal.Rest.Adapter", "Hexagonal\Hexagonal.Api\Hexagonal.Rest.Adapter.csproj", "{2D9A0E3B-6EAC-4BE9-918C-AD82510A66F3}"
EndProject
Project("{9A19103F-16F7-4668-BE54-9A1E7A4F7556}") = "Hexagonal.Domain.Model", "Hexagonal\Hexagonal.Domain.Model\Hexagonal.Domain.Model.csproj", "{913B7F4F-D5CA-47BB-BAE1-E2BBC8BEE696}"
EndProject
Project("{9A19103F-16F7-4668-BE54-9A1E7A4F7556}") = "Hexagonal.Domain.Services", "Hexagonal\Hexagonal.Domain\Hexagonal.Domain.Services.csproj", "{ADCB954D-B852-404C-BFF5-6073A610CC00}"
EndProject
Project("{9A19103F-16F7-4668-BE54-9A1E7A4F7556}") = "Hexagonal.Infrastructure", "Hexagonal\Hexagonal.Infrastructure\Hexagonal.Infrastructure.csproj", "{B27C62AE-B457-4F3B-B99B-AACD97E46DA0}"
EndProject
Project("{2150E333-8FDC-42A3-9474-1A3956D46DE8}") = "Tests", "Tests", "{0BDF3D8D-FF3C-40C3-911E-A70BC53FE8C0}"
EndProject
Project("{9A19103F-16F7-4668-BE54-9A1E7A4F7556}") = "Hexagonal.Domain.Services.Tests", "Hexagonal\Tests\Hexagonal.Domain.Services.Tests\Hexagonal.Domain.Services.Tests.csproj", "{97AF9BDB-8020-4F18-866B-CBD7D0BA29EE}"
EndProject
Project("{9A19103F-16F7-4668-BE54-9A1E7A4F7556}") = "Hexagonal.EF.Adapter.Test", "Hexagonal\Tests\Hexagonal.Infrastructure.Test\Hexagonal.EF.Adapter.Test.csproj", "{5BBE69CC-2903-496B-8F3D-75DA9A1D01C5}"
EndProject
Project("{9A19103F-16F7-4668-BE54-9A1E7A4F7556}") = "Hexagonal.RestAdapter.Test", "Hexagonal\Tests\Hexagonal.Api.Test\Hexagonal.RestAdapter.Test.csproj", "{E3E3F520-631C-4FCF-BFAA-1B0A5FAFC2B2}"
EndProject
Project("{9A19103F-16F7-4668-BE54-9A1E7A4F7556}") = "Hexagonal.Application", "Hexagonal\Hexagonal.Application\Hexagonal.Application.csproj", "{955A3984-0C8E-406C-AE9E-A078C90C96FD}"
EndProject
Project("{2150E333-8FDC-42A3-9474-1A3956D46DE8}") = "Domain", "Domain", "{1950FAD0-3D9A-4006-A578-1D5B92BA38DC}"
EndProject
Project("{2150E333-8FDC-42A3-9474-1A3956D46DE8}") = "Hexagon", "Hexagon", "{8F702CC5-FC3D-4B6D-B0F4-108ACECAAA31}"
EndProject
Project("{2150E333-8FDC-42A3-9474-1A3956D46DE8}") = "Infrastructure", "Infrastructure", "{C67DA60F-6AAA-40DB-8F41-9D6E3B8ABDA2}"
EndProject
Project("{2150E333-8FDC-42A3-9474-1A3956D46DE8}") = "Application", "Application", "{22DC1DA8-C025-4115-B3E0-C100EA11E243}"
EndProject
Project("{2150E333-8FDC-42A3-9474-1A3956D46DE8}") = "Domian", "Domian", "{070D12C7-F78A-46E8-9E7C-C19086E2C762}"
EndProject
Project("{2150E333-8FDC-42A3-9474-1A3956D46DE8}") = "Infrastructure", "Infrastructure", "{957D0D14-10B1-4A45-AFA1-DD289DAA84B6}"
EndProject
Project("{2150E333-8FDC-42A3-9474-1A3956D46DE8}") = "Application", "Application", "{D3925D30-C8FF-418C-A1B5-AC0D7EB9F182}"
EndProject
Project("{2150E333-8FDC-42A3-9474-1A3956D46DE8}") = "Domain", "Domain", "{CD181E8A-4AE4-41A0-B45B-6B897C994D6B}"
EndProject
Project("{2150E333-8FDC-42A3-9474-1A3956D46DE8}") = "Infrastructure", "Infrastructure", "{6CC22949-5DD2-47E5-827D-E04DB2BF8F93}"
EndProject
Project("{9A19103F-16F7-4668-BE54-9A1E7A4F7556}") = "Hexagonal.Grps.Adapter", "Hexagonal\Hexagonal.GrpsAdapter\Hexagonal.Grps.Adapter.csproj", "{25774B51-80FA-4871-B849-61D7E6B75743}"
EndProject
Project("{2150E333-8FDC-42A3-9474-1A3956D46DE8}") = "Shared", "Shared", "{51012593-462D-4BEF-A34E-DE3A3D6D2420}"
EndProject
Project("{9A19103F-16F7-4668-BE54-9A1E7A4F7556}") = "Hexagonal.Shared", "Hexagonal\Hexagonal.Shared\Hexagonal.Shared.csproj", "{E50FAE96-4122-453F-BE7C-C2A16DAA1FC2}"
EndProject
Project("{2150E333-8FDC-42A3-9474-1A3956D46DE8}") = "Application", "Application", "{ED8B922B-CEBB-4650-AAD4-963A2201B58D}"
EndProject
Project("{9A19103F-16F7-4668-BE54-9A1E7A4F7556}") = "Hexagonal.EF.Adapter", "Hexagonal\Hexagonal.EF.Adapter\Hexagonal.EF.Adapter.csproj", "{3FF82539-15D6-4642-870A-EF076BA2C122}"
EndProject
Project("{9A19103F-16F7-4668-BE54-9A1E7A4F7556}") = "Hexagonal.Startup", "Hexagonal\Hexagonal.Startup\Hexagonal.Startup.csproj", "{5E84C212-36B1-4418-9F79-00951F6F5F64}"
EndProject
Project("{2150E333-8FDC-42A3-9474-1A3956D46DE8}") = "Application", "Application", "{64DFBB7D-9B36-4094-9A27-C5A5A5382D10}"
EndProject
Project("{2150E333-8FDC-42A3-9474-1A3956D46DE8}") = "Infrastructure", "Infrastructure", "{DC085CCF-7CDD-4611-91D0-C3504C4C291C}"
EndProject
Project("{2150E333-8FDC-42A3-9474-1A3956D46DE8}") = "Hexagon", "Hexagon", "{FABCD9F9-F6DA-4A5C-AC93-ACA02C10A1F4}"
EndProject
Project("{9A19103F-16F7-4668-BE54-9A1E7A4F7556}") = "Hexagonal.Application.Test", "Hexagonal\Tests\Hexagonal.Application.Test\Hexagonal.Application.Test.csproj", "{222F5BDF-E82F-4169-B9C0-5408E21471CC}"
EndProject
Global
	GlobalSection(SolutionConfigurationPlatforms) = preSolution
		Debug|Any CPU = Debug|Any CPU
		Release|Any CPU = Release|Any CPU
	EndGlobalSection
	GlobalSection(ProjectConfigurationPlatforms) = postSolution
		{7FD33FF0-F00E-40EB-BC82-B13CD1FB9A37}.Debug|Any CPU.ActiveCfg = Debug|Any CPU
		{7FD33FF0-F00E-40EB-BC82-B13CD1FB9A37}.Debug|Any CPU.Build.0 = Debug|Any CPU
		{7FD33FF0-F00E-40EB-BC82-B13CD1FB9A37}.Release|Any CPU.ActiveCfg = Release|Any CPU
		{7FD33FF0-F00E-40EB-BC82-B13CD1FB9A37}.Release|Any CPU.Build.0 = Release|Any CPU
		{7EA61FBE-D830-45CF-8D1D-884F161E67E9}.Debug|Any CPU.ActiveCfg = Debug|Any CPU
		{7EA61FBE-D830-45CF-8D1D-884F161E67E9}.Debug|Any CPU.Build.0 = Debug|Any CPU
		{7EA61FBE-D830-45CF-8D1D-884F161E67E9}.Release|Any CPU.ActiveCfg = Release|Any CPU
		{7EA61FBE-D830-45CF-8D1D-884F161E67E9}.Release|Any CPU.Build.0 = Release|Any CPU
		{DD141F93-BCAB-40FD-8B8B-0C5BC56842E0}.Debug|Any CPU.ActiveCfg = Debug|Any CPU
		{DD141F93-BCAB-40FD-8B8B-0C5BC56842E0}.Debug|Any CPU.Build.0 = Debug|Any CPU
		{DD141F93-BCAB-40FD-8B8B-0C5BC56842E0}.Release|Any CPU.ActiveCfg = Release|Any CPU
		{DD141F93-BCAB-40FD-8B8B-0C5BC56842E0}.Release|Any CPU.Build.0 = Release|Any CPU
		{39622892-249E-435D-9493-E4D770B0D40E}.Debug|Any CPU.ActiveCfg = Debug|Any CPU
		{39622892-249E-435D-9493-E4D770B0D40E}.Debug|Any CPU.Build.0 = Debug|Any CPU
		{39622892-249E-435D-9493-E4D770B0D40E}.Release|Any CPU.ActiveCfg = Release|Any CPU
		{39622892-249E-435D-9493-E4D770B0D40E}.Release|Any CPU.Build.0 = Release|Any CPU
		{BD0F497C-1797-4610-B07E-5E6119E0BE73}.Debug|Any CPU.ActiveCfg = Debug|Any CPU
		{BD0F497C-1797-4610-B07E-5E6119E0BE73}.Debug|Any CPU.Build.0 = Debug|Any CPU
		{BD0F497C-1797-4610-B07E-5E6119E0BE73}.Release|Any CPU.ActiveCfg = Release|Any CPU
		{BD0F497C-1797-4610-B07E-5E6119E0BE73}.Release|Any CPU.Build.0 = Release|Any CPU
		{2BE5E105-BC8B-4085-B919-36678B2472A2}.Debug|Any CPU.ActiveCfg = Debug|Any CPU
		{2BE5E105-BC8B-4085-B919-36678B2472A2}.Debug|Any CPU.Build.0 = Debug|Any CPU
		{2BE5E105-BC8B-4085-B919-36678B2472A2}.Release|Any CPU.ActiveCfg = Release|Any CPU
		{2BE5E105-BC8B-4085-B919-36678B2472A2}.Release|Any CPU.Build.0 = Release|Any CPU
		{6EBD2E0B-810C-4871-9739-C0A536CDAA4C}.Debug|Any CPU.ActiveCfg = Debug|Any CPU
		{6EBD2E0B-810C-4871-9739-C0A536CDAA4C}.Debug|Any CPU.Build.0 = Debug|Any CPU
		{6EBD2E0B-810C-4871-9739-C0A536CDAA4C}.Release|Any CPU.ActiveCfg = Release|Any CPU
		{6EBD2E0B-810C-4871-9739-C0A536CDAA4C}.Release|Any CPU.Build.0 = Release|Any CPU
		{D5021800-AEC3-49C9-B0D3-1A3D365FF477}.Debug|Any CPU.ActiveCfg = Debug|Any CPU
		{D5021800-AEC3-49C9-B0D3-1A3D365FF477}.Debug|Any CPU.Build.0 = Debug|Any CPU
		{D5021800-AEC3-49C9-B0D3-1A3D365FF477}.Release|Any CPU.ActiveCfg = Release|Any CPU
		{D5021800-AEC3-49C9-B0D3-1A3D365FF477}.Release|Any CPU.Build.0 = Release|Any CPU
		{1C6A6B3B-0D42-4B26-AFFF-67E1E03CAF33}.Debug|Any CPU.ActiveCfg = Debug|Any CPU
		{1C6A6B3B-0D42-4B26-AFFF-67E1E03CAF33}.Debug|Any CPU.Build.0 = Debug|Any CPU
		{1C6A6B3B-0D42-4B26-AFFF-67E1E03CAF33}.Release|Any CPU.ActiveCfg = Release|Any CPU
		{1C6A6B3B-0D42-4B26-AFFF-67E1E03CAF33}.Release|Any CPU.Build.0 = Release|Any CPU
		{C6E829B5-EF96-4629-9ED0-33ADA70A1A17}.Debug|Any CPU.ActiveCfg = Debug|Any CPU
		{C6E829B5-EF96-4629-9ED0-33ADA70A1A17}.Debug|Any CPU.Build.0 = Debug|Any CPU
		{C6E829B5-EF96-4629-9ED0-33ADA70A1A17}.Release|Any CPU.ActiveCfg = Release|Any CPU
		{C6E829B5-EF96-4629-9ED0-33ADA70A1A17}.Release|Any CPU.Build.0 = Release|Any CPU
		{771F2139-DAAB-4FDE-B710-0FC3179F259B}.Debug|Any CPU.ActiveCfg = Debug|Any CPU
		{771F2139-DAAB-4FDE-B710-0FC3179F259B}.Debug|Any CPU.Build.0 = Debug|Any CPU
		{771F2139-DAAB-4FDE-B710-0FC3179F259B}.Release|Any CPU.ActiveCfg = Release|Any CPU
		{771F2139-DAAB-4FDE-B710-0FC3179F259B}.Release|Any CPU.Build.0 = Release|Any CPU
		{546EF920-415F-495D-B96E-B76280D0A48E}.Debug|Any CPU.ActiveCfg = Debug|Any CPU
		{546EF920-415F-495D-B96E-B76280D0A48E}.Debug|Any CPU.Build.0 = Debug|Any CPU
		{546EF920-415F-495D-B96E-B76280D0A48E}.Release|Any CPU.ActiveCfg = Release|Any CPU
		{546EF920-415F-495D-B96E-B76280D0A48E}.Release|Any CPU.Build.0 = Release|Any CPU
		{E119FA5E-5452-4033-AAC6-D6685689B1DE}.Debug|Any CPU.ActiveCfg = Debug|Any CPU
		{E119FA5E-5452-4033-AAC6-D6685689B1DE}.Debug|Any CPU.Build.0 = Debug|Any CPU
		{E119FA5E-5452-4033-AAC6-D6685689B1DE}.Release|Any CPU.ActiveCfg = Release|Any CPU
		{E119FA5E-5452-4033-AAC6-D6685689B1DE}.Release|Any CPU.Build.0 = Release|Any CPU
		{3D7AC829-B634-478E-96F8-B16993CF6FBF}.Debug|Any CPU.ActiveCfg = Debug|Any CPU
		{3D7AC829-B634-478E-96F8-B16993CF6FBF}.Debug|Any CPU.Build.0 = Debug|Any CPU
		{3D7AC829-B634-478E-96F8-B16993CF6FBF}.Release|Any CPU.ActiveCfg = Release|Any CPU
		{3D7AC829-B634-478E-96F8-B16993CF6FBF}.Release|Any CPU.Build.0 = Release|Any CPU
		{8C4F7B07-771D-48AF-B161-194F07EC6993}.Debug|Any CPU.ActiveCfg = Debug|Any CPU
		{8C4F7B07-771D-48AF-B161-194F07EC6993}.Debug|Any CPU.Build.0 = Debug|Any CPU
		{8C4F7B07-771D-48AF-B161-194F07EC6993}.Release|Any CPU.ActiveCfg = Release|Any CPU
		{8C4F7B07-771D-48AF-B161-194F07EC6993}.Release|Any CPU.Build.0 = Release|Any CPU
		{8DAB3642-B2DE-4DA8-803A-F31DAAFF6066}.Debug|Any CPU.ActiveCfg = Debug|Any CPU
		{8DAB3642-B2DE-4DA8-803A-F31DAAFF6066}.Debug|Any CPU.Build.0 = Debug|Any CPU
		{8DAB3642-B2DE-4DA8-803A-F31DAAFF6066}.Release|Any CPU.ActiveCfg = Release|Any CPU
		{8DAB3642-B2DE-4DA8-803A-F31DAAFF6066}.Release|Any CPU.Build.0 = Release|Any CPU
		{DBDB9553-90D8-4B09-94CA-B4C50B088351}.Debug|Any CPU.ActiveCfg = Debug|Any CPU
		{DBDB9553-90D8-4B09-94CA-B4C50B088351}.Debug|Any CPU.Build.0 = Debug|Any CPU
		{DBDB9553-90D8-4B09-94CA-B4C50B088351}.Release|Any CPU.ActiveCfg = Release|Any CPU
		{DBDB9553-90D8-4B09-94CA-B4C50B088351}.Release|Any CPU.Build.0 = Release|Any CPU
		{2D9A0E3B-6EAC-4BE9-918C-AD82510A66F3}.Debug|Any CPU.ActiveCfg = Debug|Any CPU
		{2D9A0E3B-6EAC-4BE9-918C-AD82510A66F3}.Debug|Any CPU.Build.0 = Debug|Any CPU
		{2D9A0E3B-6EAC-4BE9-918C-AD82510A66F3}.Release|Any CPU.ActiveCfg = Release|Any CPU
		{2D9A0E3B-6EAC-4BE9-918C-AD82510A66F3}.Release|Any CPU.Build.0 = Release|Any CPU
		{913B7F4F-D5CA-47BB-BAE1-E2BBC8BEE696}.Debug|Any CPU.ActiveCfg = Debug|Any CPU
		{913B7F4F-D5CA-47BB-BAE1-E2BBC8BEE696}.Debug|Any CPU.Build.0 = Debug|Any CPU
		{913B7F4F-D5CA-47BB-BAE1-E2BBC8BEE696}.Release|Any CPU.ActiveCfg = Release|Any CPU
		{913B7F4F-D5CA-47BB-BAE1-E2BBC8BEE696}.Release|Any CPU.Build.0 = Release|Any CPU
		{ADCB954D-B852-404C-BFF5-6073A610CC00}.Debug|Any CPU.ActiveCfg = Debug|Any CPU
		{ADCB954D-B852-404C-BFF5-6073A610CC00}.Debug|Any CPU.Build.0 = Debug|Any CPU
		{ADCB954D-B852-404C-BFF5-6073A610CC00}.Release|Any CPU.ActiveCfg = Release|Any CPU
		{ADCB954D-B852-404C-BFF5-6073A610CC00}.Release|Any CPU.Build.0 = Release|Any CPU
		{B27C62AE-B457-4F3B-B99B-AACD97E46DA0}.Debug|Any CPU.ActiveCfg = Debug|Any CPU
		{B27C62AE-B457-4F3B-B99B-AACD97E46DA0}.Debug|Any CPU.Build.0 = Debug|Any CPU
		{B27C62AE-B457-4F3B-B99B-AACD97E46DA0}.Release|Any CPU.ActiveCfg = Release|Any CPU
		{B27C62AE-B457-4F3B-B99B-AACD97E46DA0}.Release|Any CPU.Build.0 = Release|Any CPU
		{97AF9BDB-8020-4F18-866B-CBD7D0BA29EE}.Debug|Any CPU.ActiveCfg = Debug|Any CPU
		{97AF9BDB-8020-4F18-866B-CBD7D0BA29EE}.Debug|Any CPU.Build.0 = Debug|Any CPU
		{97AF9BDB-8020-4F18-866B-CBD7D0BA29EE}.Release|Any CPU.ActiveCfg = Release|Any CPU
		{97AF9BDB-8020-4F18-866B-CBD7D0BA29EE}.Release|Any CPU.Build.0 = Release|Any CPU
		{5BBE69CC-2903-496B-8F3D-75DA9A1D01C5}.Debug|Any CPU.ActiveCfg = Debug|Any CPU
		{5BBE69CC-2903-496B-8F3D-75DA9A1D01C5}.Debug|Any CPU.Build.0 = Debug|Any CPU
		{5BBE69CC-2903-496B-8F3D-75DA9A1D01C5}.Release|Any CPU.ActiveCfg = Release|Any CPU
		{5BBE69CC-2903-496B-8F3D-75DA9A1D01C5}.Release|Any CPU.Build.0 = Release|Any CPU
		{E3E3F520-631C-4FCF-BFAA-1B0A5FAFC2B2}.Debug|Any CPU.ActiveCfg = Debug|Any CPU
		{E3E3F520-631C-4FCF-BFAA-1B0A5FAFC2B2}.Debug|Any CPU.Build.0 = Debug|Any CPU
		{E3E3F520-631C-4FCF-BFAA-1B0A5FAFC2B2}.Release|Any CPU.ActiveCfg = Release|Any CPU
		{E3E3F520-631C-4FCF-BFAA-1B0A5FAFC2B2}.Release|Any CPU.Build.0 = Release|Any CPU
		{955A3984-0C8E-406C-AE9E-A078C90C96FD}.Debug|Any CPU.ActiveCfg = Debug|Any CPU
		{955A3984-0C8E-406C-AE9E-A078C90C96FD}.Debug|Any CPU.Build.0 = Debug|Any CPU
		{955A3984-0C8E-406C-AE9E-A078C90C96FD}.Release|Any CPU.ActiveCfg = Release|Any CPU
		{955A3984-0C8E-406C-AE9E-A078C90C96FD}.Release|Any CPU.Build.0 = Release|Any CPU
		{25774B51-80FA-4871-B849-61D7E6B75743}.Debug|Any CPU.ActiveCfg = Debug|Any CPU
		{25774B51-80FA-4871-B849-61D7E6B75743}.Debug|Any CPU.Build.0 = Debug|Any CPU
		{25774B51-80FA-4871-B849-61D7E6B75743}.Release|Any CPU.ActiveCfg = Release|Any CPU
		{25774B51-80FA-4871-B849-61D7E6B75743}.Release|Any CPU.Build.0 = Release|Any CPU
		{E50FAE96-4122-453F-BE7C-C2A16DAA1FC2}.Debug|Any CPU.ActiveCfg = Debug|Any CPU
		{E50FAE96-4122-453F-BE7C-C2A16DAA1FC2}.Debug|Any CPU.Build.0 = Debug|Any CPU
		{E50FAE96-4122-453F-BE7C-C2A16DAA1FC2}.Release|Any CPU.ActiveCfg = Release|Any CPU
		{E50FAE96-4122-453F-BE7C-C2A16DAA1FC2}.Release|Any CPU.Build.0 = Release|Any CPU
		{3FF82539-15D6-4642-870A-EF076BA2C122}.Debug|Any CPU.ActiveCfg = Debug|Any CPU
		{3FF82539-15D6-4642-870A-EF076BA2C122}.Debug|Any CPU.Build.0 = Debug|Any CPU
		{3FF82539-15D6-4642-870A-EF076BA2C122}.Release|Any CPU.ActiveCfg = Release|Any CPU
		{3FF82539-15D6-4642-870A-EF076BA2C122}.Release|Any CPU.Build.0 = Release|Any CPU
		{5E84C212-36B1-4418-9F79-00951F6F5F64}.Debug|Any CPU.ActiveCfg = Debug|Any CPU
		{5E84C212-36B1-4418-9F79-00951F6F5F64}.Debug|Any CPU.Build.0 = Debug|Any CPU
		{5E84C212-36B1-4418-9F79-00951F6F5F64}.Release|Any CPU.ActiveCfg = Release|Any CPU
		{5E84C212-36B1-4418-9F79-00951F6F5F64}.Release|Any CPU.Build.0 = Release|Any CPU
		{222F5BDF-E82F-4169-B9C0-5408E21471CC}.Debug|Any CPU.ActiveCfg = Debug|Any CPU
		{222F5BDF-E82F-4169-B9C0-5408E21471CC}.Debug|Any CPU.Build.0 = Debug|Any CPU
		{222F5BDF-E82F-4169-B9C0-5408E21471CC}.Release|Any CPU.ActiveCfg = Release|Any CPU
		{222F5BDF-E82F-4169-B9C0-5408E21471CC}.Release|Any CPU.Build.0 = Release|Any CPU
	EndGlobalSection
	GlobalSection(SolutionProperties) = preSolution
		HideSolutionNode = FALSE
	EndGlobalSection
	GlobalSection(NestedProjects) = preSolution
		{7FD33FF0-F00E-40EB-BC82-B13CD1FB9A37} = {957D0D14-10B1-4A45-AFA1-DD289DAA84B6}
		{7EA61FBE-D830-45CF-8D1D-884F161E67E9} = {070D12C7-F78A-46E8-9E7C-C19086E2C762}
		{DD141F93-BCAB-40FD-8B8B-0C5BC56842E0} = {957D0D14-10B1-4A45-AFA1-DD289DAA84B6}
		{39622892-249E-435D-9493-E4D770B0D40E} = {22DC1DA8-C025-4115-B3E0-C100EA11E243}
		{BD0F497C-1797-4610-B07E-5E6119E0BE73} = {DC085CCF-7CDD-4611-91D0-C3504C4C291C}
		{2BE5E105-BC8B-4085-B919-36678B2472A2} = {64DFBB7D-9B36-4094-9A27-C5A5A5382D10}
		{6EBD2E0B-810C-4871-9739-C0A536CDAA4C} = {64DFBB7D-9B36-4094-9A27-C5A5A5382D10}
		{D0C9E9FC-D6ED-4645-8198-57ECA12C1A55} = {90044CF9-C75D-4E9E-B785-F791F534B51D}
		{D5021800-AEC3-49C9-B0D3-1A3D365FF477} = {6CC22949-5DD2-47E5-827D-E04DB2BF8F93}
		{1C6A6B3B-0D42-4B26-AFFF-67E1E03CAF33} = {D3925D30-C8FF-418C-A1B5-AC0D7EB9F182}
		{C6E829B5-EF96-4629-9ED0-33ADA70A1A17} = {CD181E8A-4AE4-41A0-B45B-6B897C994D6B}
		{771F2139-DAAB-4FDE-B710-0FC3179F259B} = {6CC22949-5DD2-47E5-827D-E04DB2BF8F93}
		{9B495239-D88F-4389-BDC7-C57E195B5512} = {0A29158D-76CF-4DBD-A274-C063D22190EB}
		{546EF920-415F-495D-B96E-B76280D0A48E} = {6CC22949-5DD2-47E5-827D-E04DB2BF8F93}
		{E119FA5E-5452-4033-AAC6-D6685689B1DE} = {CD181E8A-4AE4-41A0-B45B-6B897C994D6B}
		{3D7AC829-B634-478E-96F8-B16993CF6FBF} = {9B495239-D88F-4389-BDC7-C57E195B5512}
		{8C4F7B07-771D-48AF-B161-194F07EC6993} = {9B495239-D88F-4389-BDC7-C57E195B5512}
		{8DAB3642-B2DE-4DA8-803A-F31DAAFF6066} = {9B495239-D88F-4389-BDC7-C57E195B5512}
		{DBDB9553-90D8-4B09-94CA-B4C50B088351} = {9B495239-D88F-4389-BDC7-C57E195B5512}
		{2D9A0E3B-6EAC-4BE9-918C-AD82510A66F3} = {C67DA60F-6AAA-40DB-8F41-9D6E3B8ABDA2}
		{913B7F4F-D5CA-47BB-BAE1-E2BBC8BEE696} = {1950FAD0-3D9A-4006-A578-1D5B92BA38DC}
		{ADCB954D-B852-404C-BFF5-6073A610CC00} = {1950FAD0-3D9A-4006-A578-1D5B92BA38DC}
		{B27C62AE-B457-4F3B-B99B-AACD97E46DA0} = {C67DA60F-6AAA-40DB-8F41-9D6E3B8ABDA2}
		{0BDF3D8D-FF3C-40C3-911E-A70BC53FE8C0} = {907E9858-8A62-44D1-9C1D-DED90408F04F}
		{97AF9BDB-8020-4F18-866B-CBD7D0BA29EE} = {FABCD9F9-F6DA-4A5C-AC93-ACA02C10A1F4}
		{5BBE69CC-2903-496B-8F3D-75DA9A1D01C5} = {0BDF3D8D-FF3C-40C3-911E-A70BC53FE8C0}
		{E3E3F520-631C-4FCF-BFAA-1B0A5FAFC2B2} = {0BDF3D8D-FF3C-40C3-911E-A70BC53FE8C0}
		{955A3984-0C8E-406C-AE9E-A078C90C96FD} = {ED8B922B-CEBB-4650-AAD4-963A2201B58D}
		{1950FAD0-3D9A-4006-A578-1D5B92BA38DC} = {8F702CC5-FC3D-4B6D-B0F4-108ACECAAA31}
		{8F702CC5-FC3D-4B6D-B0F4-108ACECAAA31} = {907E9858-8A62-44D1-9C1D-DED90408F04F}
		{C67DA60F-6AAA-40DB-8F41-9D6E3B8ABDA2} = {907E9858-8A62-44D1-9C1D-DED90408F04F}
		{22DC1DA8-C025-4115-B3E0-C100EA11E243} = {90044CF9-C75D-4E9E-B785-F791F534B51D}
		{070D12C7-F78A-46E8-9E7C-C19086E2C762} = {90044CF9-C75D-4E9E-B785-F791F534B51D}
		{957D0D14-10B1-4A45-AFA1-DD289DAA84B6} = {90044CF9-C75D-4E9E-B785-F791F534B51D}
		{D3925D30-C8FF-418C-A1B5-AC0D7EB9F182} = {0A29158D-76CF-4DBD-A274-C063D22190EB}
		{CD181E8A-4AE4-41A0-B45B-6B897C994D6B} = {0A29158D-76CF-4DBD-A274-C063D22190EB}
		{6CC22949-5DD2-47E5-827D-E04DB2BF8F93} = {0A29158D-76CF-4DBD-A274-C063D22190EB}
		{25774B51-80FA-4871-B849-61D7E6B75743} = {C67DA60F-6AAA-40DB-8F41-9D6E3B8ABDA2}
		{51012593-462D-4BEF-A34E-DE3A3D6D2420} = {907E9858-8A62-44D1-9C1D-DED90408F04F}
		{E50FAE96-4122-453F-BE7C-C2A16DAA1FC2} = {51012593-462D-4BEF-A34E-DE3A3D6D2420}
		{ED8B922B-CEBB-4650-AAD4-963A2201B58D} = {8F702CC5-FC3D-4B6D-B0F4-108ACECAAA31}
		{3FF82539-15D6-4642-870A-EF076BA2C122} = {C67DA60F-6AAA-40DB-8F41-9D6E3B8ABDA2}
		{5E84C212-36B1-4418-9F79-00951F6F5F64} = {C67DA60F-6AAA-40DB-8F41-9D6E3B8ABDA2}
		{64DFBB7D-9B36-4094-9A27-C5A5A5382D10} = {D0C9E9FC-D6ED-4645-8198-57ECA12C1A55}
		{DC085CCF-7CDD-4611-91D0-C3504C4C291C} = {D0C9E9FC-D6ED-4645-8198-57ECA12C1A55}
		{FABCD9F9-F6DA-4A5C-AC93-ACA02C10A1F4} = {0BDF3D8D-FF3C-40C3-911E-A70BC53FE8C0}
		{222F5BDF-E82F-4169-B9C0-5408E21471CC} = {FABCD9F9-F6DA-4A5C-AC93-ACA02C10A1F4}
	EndGlobalSection
	GlobalSection(ExtensibilityGlobals) = postSolution
		SolutionGuid = {0AE1A94D-18AA-45FF-8D22-211C5848541E}
	EndGlobalSection
EndGlobal
